
Microsoft Visual Studio Solution File, Format Version 12.00
# Visual Studio Version 16
VisualStudioVersion = 16.0.31829.152
MinimumVisualStudioVersion = 10.0.40219.1
Project("{9A19103F-16F7-4668-BE54-9A1E7A4F7556}") = "Actividad2_Blazor", "Actividad2_Blazor\Actividad2_Blazor.csproj", "{DB6AEF21-FDE7-44C2-ABAC-766816E2BD2A}"
EndProject
Global
	GlobalSection(SolutionConfigurationPlatforms) = preSolution
		Debug|Any CPU = Debug|Any CPU
		Release|Any CPU = Release|Any CPU
	EndGlobalSection
	GlobalSection(ProjectConfigurationPlatforms) = postSolution
		{DB6AEF21-FDE7-44C2-ABAC-766816E2BD2A}.Debug|Any CPU.ActiveCfg = Debug|Any CPU
		{DB6AEF21-FDE7-44C2-ABAC-766816E2BD2A}.Debug|Any CPU.Build.0 = Debug|Any CPU
		{DB6AEF21-FDE7-44C2-ABAC-766816E2BD2A}.Release|Any CPU.ActiveCfg = Release|Any CPU
		{DB6AEF21-FDE7-44C2-ABAC-766816E2BD2A}.Release|Any CPU.Build.0 = Release|Any CPU
	EndGlobalSection
	GlobalSection(SolutionProperties) = preSolution
		HideSolutionNode = FALSE
	EndGlobalSection
	GlobalSection(ExtensibilityGlobals) = postSolution
		SolutionGuid = {230E7287-C950-4A54-965D-CC20223DAB4F}
	EndGlobalSection
EndGlobal
